
Microsoft Visual Studio Solution File, Format Version 12.00
# Visual Studio Version 17
VisualStudioVersion = 17.8.34330.188
MinimumVisualStudioVersion = 10.0.40219.1
Project("{FAE04EC0-301F-11D3-BF4B-00C04F79EFBC}") = "COCO_backend", "COCO_backend\COCO_backend.csproj", "{0B6881B6-B54B-49F8-94E9-E98AEFB4082A}"
EndProject
Global
	GlobalSection(SolutionConfigurationPlatforms) = preSolution
		Debug|Any CPU = Debug|Any CPU
		Release|Any CPU = Release|Any CPU
	EndGlobalSection
	GlobalSection(ProjectConfigurationPlatforms) = postSolution
		{0B6881B6-B54B-49F8-94E9-E98AEFB4082A}.Debug|Any CPU.ActiveCfg = Debug|Any CPU
		{0B6881B6-B54B-49F8-94E9-E98AEFB4082A}.Debug|Any CPU.Build.0 = Debug|Any CPU
		{0B6881B6-B54B-49F8-94E9-E98AEFB4082A}.Release|Any CPU.ActiveCfg = Release|Any CPU
		{0B6881B6-B54B-49F8-94E9-E98AEFB4082A}.Release|Any CPU.Build.0 = Release|Any CPU
	EndGlobalSection
	GlobalSection(SolutionProperties) = preSolution
		HideSolutionNode = FALSE
	EndGlobalSection
	GlobalSection(ExtensibilityGlobals) = postSolution
		SolutionGuid = {0DCAE968-510B-46B8-9B16-B5CB9E7403EB}
	EndGlobalSection
EndGlobal
